
Microsoft Visual Studio Solution File, Format Version 12.00
# Visual Studio Version 17
VisualStudioVersion = 17.0.32112.339
MinimumVisualStudioVersion = 10.0.40219.1
Project("{FAE04EC0-301F-11D3-BF4B-00C04F79EFBC}") = "Bookshelf_Proje", "Bookshelf_Proje\Bookshelf_Proje.csproj", "{CF038140-8230-451B-984F-2491EEE24C3F}"
EndProject
Global
	GlobalSection(SolutionConfigurationPlatforms) = preSolution
		Debug|Any CPU = Debug|Any CPU
		Release|Any CPU = Release|Any CPU
	EndGlobalSection
	GlobalSection(ProjectConfigurationPlatforms) = postSolution
		{CF038140-8230-451B-984F-2491EEE24C3F}.Debug|Any CPU.ActiveCfg = Debug|Any CPU
		{CF038140-8230-451B-984F-2491EEE24C3F}.Debug|Any CPU.Build.0 = Debug|Any CPU
		{CF038140-8230-451B-984F-2491EEE24C3F}.Release|Any CPU.ActiveCfg = Release|Any CPU
		{CF038140-8230-451B-984F-2491EEE24C3F}.Release|Any CPU.Build.0 = Release|Any CPU
	EndGlobalSection
	GlobalSection(SolutionProperties) = preSolution
		HideSolutionNode = FALSE
	EndGlobalSection
	GlobalSection(ExtensibilityGlobals) = postSolution
		SolutionGuid = {37F567AB-DC40-49CE-A4FD-AE4140F302CC}
	EndGlobalSection
EndGlobal
